
Microsoft Visual Studio Solution File, Format Version 12.00
# Visual Studio Version 16
VisualStudioVersion = 16.0.30804.86
MinimumVisualStudioVersion = 10.0.40219.1
Project("{FAE04EC0-301F-11D3-BF4B-00C04F79EFBC}") = "InheritanceExcercisesPart2", "InheritanceExcercisesPart2\InheritanceExcercisesPart2.csproj", "{07122C55-403E-41B5-BFD6-CA3C06C1A232}"
EndProject
Project("{FAE04EC0-301F-11D3-BF4B-00C04F79EFBC}") = "InheritanceAnimal", "InheritanceAnimal\InheritanceAnimal.csproj", "{100A5803-A52A-4D2C-B0FC-29128D809207}"
EndProject
Project("{FAE04EC0-301F-11D3-BF4B-00C04F79EFBC}") = "InheritanceCilinder", "InheritanceCilinder\InheritanceCilinder.csproj", "{B6E1E328-8FE1-484F-B0E4-9BB22C92B469}"
EndProject
Global
	GlobalSection(SolutionConfigurationPlatforms) = preSolution
		Debug|Any CPU = Debug|Any CPU
		Release|Any CPU = Release|Any CPU
	EndGlobalSection
	GlobalSection(ProjectConfigurationPlatforms) = postSolution
		{07122C55-403E-41B5-BFD6-CA3C06C1A232}.Debug|Any CPU.ActiveCfg = Debug|Any CPU
		{07122C55-403E-41B5-BFD6-CA3C06C1A232}.Debug|Any CPU.Build.0 = Debug|Any CPU
		{07122C55-403E-41B5-BFD6-CA3C06C1A232}.Release|Any CPU.ActiveCfg = Release|Any CPU
		{07122C55-403E-41B5-BFD6-CA3C06C1A232}.Release|Any CPU.Build.0 = Release|Any CPU
		{100A5803-A52A-4D2C-B0FC-29128D809207}.Debug|Any CPU.ActiveCfg = Debug|Any CPU
		{100A5803-A52A-4D2C-B0FC-29128D809207}.Debug|Any CPU.Build.0 = Debug|Any CPU
		{100A5803-A52A-4D2C-B0FC-29128D809207}.Release|Any CPU.ActiveCfg = Release|Any CPU
		{100A5803-A52A-4D2C-B0FC-29128D809207}.Release|Any CPU.Build.0 = Release|Any CPU
		{B6E1E328-8FE1-484F-B0E4-9BB22C92B469}.Debug|Any CPU.ActiveCfg = Debug|Any CPU
		{B6E1E328-8FE1-484F-B0E4-9BB22C92B469}.Debug|Any CPU.Build.0 = Debug|Any CPU
		{B6E1E328-8FE1-484F-B0E4-9BB22C92B469}.Release|Any CPU.ActiveCfg = Release|Any CPU
		{B6E1E328-8FE1-484F-B0E4-9BB22C92B469}.Release|Any CPU.Build.0 = Release|Any CPU
	EndGlobalSection
	GlobalSection(SolutionProperties) = preSolution
		HideSolutionNode = FALSE
	EndGlobalSection
	GlobalSection(ExtensibilityGlobals) = postSolution
		SolutionGuid = {360768C1-2A1C-4F68-A6B6-AFCDAA18CB95}
	EndGlobalSection
EndGlobal
